{
  "name": "simple-go-iot-device",
  "lockfileVersion": 2,
  "requires": true,
  "packages": {
    "": {
      "dependencies": {
        "@aws-cdk/custom-resources": "^1.91.0"
      }
    },
    "node_modules/@aws-cdk/assets": {
      "version": "1.91.0",
      "resolved": "https://registry.npmjs.org/@aws-cdk/assets/-/assets-1.91.0.tgz",
      "integrity": "sha512-EOveDypWuy5pyeW5fS8W0+pvWEt1IrpjF8VBB0mZ1Y4LncidOf2sHC7FPUVjK0+Xa2kgXHhO/BJ57UURPk79NA==",
      "dependencies": {
        "@aws-cdk/core": "1.91.0",
        "@aws-cdk/cx-api": "1.91.0",
        "constructs": "^3.2.0"
      },
      "engines": {
        "node": ">= 10.13.0 <13 || >=13.7.0"
      },
      "peerDependencies": {
        "@aws-cdk/core": "1.91.0",
        "@aws-cdk/cx-api": "1.91.0",
        "constructs": "^3.2.0"
      }
    },
    "node_modules/@aws-cdk/aws-applicationautoscaling": {
      "version": "1.91.0",
      "resolved": "https://registry.npmjs.org/@aws-cdk/aws-applicationautoscaling/-/aws-applicationautoscaling-1.91.0.tgz",
      "integrity": "sha512-kbrSeMy7QGYY+LfzZEBVSylogRrWZKDmQgze7///fSiX9jWk8aMo82+svunBElJvH8GzuODZ5cjDwYFHbu0u6A==",
      "dependencies": {
        "@aws-cdk/aws-autoscaling-common": "1.91.0",
        "@aws-cdk/aws-cloudwatch": "1.91.0",
        "@aws-cdk/aws-iam": "1.91.0",
        "@aws-cdk/core": "1.91.0",
        "constructs": "^3.2.0"
      },
      "engines": {
        "node": ">= 10.13.0 <13 || >=13.7.0"
      },
      "peerDependencies": {
        "@aws-cdk/aws-autoscaling-common": "1.91.0",
        "@aws-cdk/aws-cloudwatch": "1.91.0",
        "@aws-cdk/aws-iam": "1.91.0",
        "@aws-cdk/core": "1.91.0",
        "constructs": "^3.2.0"
      }
    },
    "node_modules/@aws-cdk/aws-autoscaling-common": {
      "version": "1.91.0",
      "resolved": "https://registry.npmjs.org/@aws-cdk/aws-autoscaling-common/-/aws-autoscaling-common-1.91.0.tgz",
      "integrity": "sha512-VJojgKstJvl559dRr4Twt3F7+puY6omJA7dLss9wcOA8QEWK1msVXtc7RzIpFnfG6pJKnAP1xfRyuvXerxdp1Q==",
      "dependencies": {
        "@aws-cdk/aws-iam": "1.91.0",
        "@aws-cdk/core": "1.91.0",
        "constructs": "^3.2.0"
      },
      "engines": {
        "node": ">= 10.13.0 <13 || >=13.7.0"
      },
      "peerDependencies": {
        "@aws-cdk/aws-iam": "1.91.0",
        "@aws-cdk/core": "1.91.0",
        "constructs": "^3.2.0"
      }
    },
    "node_modules/@aws-cdk/aws-cloudformation": {
      "version": "1.91.0",
      "resolved": "https://registry.npmjs.org/@aws-cdk/aws-cloudformation/-/aws-cloudformation-1.91.0.tgz",
      "integrity": "sha512-achmiaUR9/hbO5sJBjtGRwI78CZ+L7gK9yvmeUVpI9+7cUqHS8/MXA6RbJ5vbPuFt3yQW0rbbhtI8oba8S06JA==",
      "dependencies": {
        "@aws-cdk/aws-iam": "1.91.0",
        "@aws-cdk/aws-lambda": "1.91.0",
        "@aws-cdk/aws-s3": "1.91.0",
        "@aws-cdk/aws-sns": "1.91.0",
        "@aws-cdk/core": "1.91.0",
        "@aws-cdk/cx-api": "1.91.0",
        "constructs": "^3.2.0"
      },
      "engines": {
        "node": ">= 10.13.0 <13 || >=13.7.0"
      },
      "peerDependencies": {
        "@aws-cdk/aws-iam": "1.91.0",
        "@aws-cdk/aws-lambda": "1.91.0",
        "@aws-cdk/aws-s3": "1.91.0",
        "@aws-cdk/aws-sns": "1.91.0",
        "@aws-cdk/core": "1.91.0",
        "@aws-cdk/cx-api": "1.91.0",
        "constructs": "^3.2.0"
      }
    },
    "node_modules/@aws-cdk/aws-cloudwatch": {
      "version": "1.91.0",
      "resolved": "https://registry.npmjs.org/@aws-cdk/aws-cloudwatch/-/aws-cloudwatch-1.91.0.tgz",
      "integrity": "sha512-x78C9dUCqLQqKMu/alCdxPYin6kbp7wC6GiBHLg3g9adINOVX9rueYhqepSG72P5RJmOxYzI9QpZY40LjA4yHA==",
      "dependencies": {
        "@aws-cdk/aws-iam": "1.91.0",
        "@aws-cdk/core": "1.91.0",
        "constructs": "^3.2.0"
      },
      "engines": {
        "node": ">= 10.13.0 <13 || >=13.7.0"
      },
      "peerDependencies": {
        "@aws-cdk/aws-iam": "1.91.0",
        "@aws-cdk/core": "1.91.0",
        "constructs": "^3.2.0"
      }
    },
    "node_modules/@aws-cdk/aws-codeguruprofiler": {
      "version": "1.91.0",
      "resolved": "https://registry.npmjs.org/@aws-cdk/aws-codeguruprofiler/-/aws-codeguruprofiler-1.91.0.tgz",
      "integrity": "sha512-OEixTxX18q0JX4jVZLTn8zrjBJUbwBZ7hHUu+8oozEJ0pP6EKy4axc3igp942FfAJj4/XWaTd4zakgMv7BXkBQ==",
      "dependencies": {
        "@aws-cdk/aws-iam": "1.91.0",
        "@aws-cdk/core": "1.91.0",
        "constructs": "^3.2.0"
      },
      "engines": {
        "node": ">= 10.13.0 <13 || >=13.7.0"
      },
      "peerDependencies": {
        "@aws-cdk/aws-iam": "1.91.0",
        "@aws-cdk/core": "1.91.0",
        "constructs": "^3.2.0"
      }
    },
    "node_modules/@aws-cdk/aws-ec2": {
      "version": "1.91.0",
      "resolved": "https://registry.npmjs.org/@aws-cdk/aws-ec2/-/aws-ec2-1.91.0.tgz",
      "integrity": "sha512-Kd+q3sP5rNhUcShXiboy2vPQGWRrS2lGyig5JZDdVix+OB9eyL2L5NgAzElTlUXp7GA7GebewA3Ir7QPBSjZsA==",
      "dependencies": {
        "@aws-cdk/aws-cloudwatch": "1.91.0",
        "@aws-cdk/aws-iam": "1.91.0",
        "@aws-cdk/aws-kms": "1.91.0",
        "@aws-cdk/aws-logs": "1.91.0",
        "@aws-cdk/aws-s3": "1.91.0",
        "@aws-cdk/aws-s3-assets": "1.91.0",
        "@aws-cdk/aws-ssm": "1.91.0",
        "@aws-cdk/cloud-assembly-schema": "1.91.0",
        "@aws-cdk/core": "1.91.0",
        "@aws-cdk/cx-api": "1.91.0",
        "@aws-cdk/region-info": "1.91.0",
        "constructs": "^3.2.0"
      },
      "engines": {
        "node": ">= 10.13.0 <13 || >=13.7.0"
      },
      "peerDependencies": {
        "@aws-cdk/aws-cloudwatch": "1.91.0",
        "@aws-cdk/aws-iam": "1.91.0",
        "@aws-cdk/aws-kms": "1.91.0",
        "@aws-cdk/aws-logs": "1.91.0",
        "@aws-cdk/aws-s3": "1.91.0",
        "@aws-cdk/aws-s3-assets": "1.91.0",
        "@aws-cdk/aws-ssm": "1.91.0",
        "@aws-cdk/cloud-assembly-schema": "1.91.0",
        "@aws-cdk/core": "1.91.0",
        "@aws-cdk/cx-api": "1.91.0",
        "@aws-cdk/region-info": "1.91.0",
        "constructs": "^3.2.0"
      }
    },
    "node_modules/@aws-cdk/aws-ecr": {
      "version": "1.91.0",
      "resolved": "https://registry.npmjs.org/@aws-cdk/aws-ecr/-/aws-ecr-1.91.0.tgz",
      "integrity": "sha512-quDShMk48pH6sH0z95+h/Velw7k1T6Ir3bxCV4ACgLGxqN882/e3o164VrL+eFvZMlR8uLYEnpZseK8APTvAYg==",
      "dependencies": {
        "@aws-cdk/aws-events": "1.91.0",
        "@aws-cdk/aws-iam": "1.91.0",
        "@aws-cdk/core": "1.91.0",
        "constructs": "^3.2.0"
      },
      "engines": {
        "node": ">= 10.13.0 <13 || >=13.7.0"
      },
      "peerDependencies": {
        "@aws-cdk/aws-events": "1.91.0",
        "@aws-cdk/aws-iam": "1.91.0",
        "@aws-cdk/core": "1.91.0",
        "constructs": "^3.2.0"
      }
    },
    "node_modules/@aws-cdk/aws-ecr-assets": {
      "version": "1.91.0",
      "resolved": "https://registry.npmjs.org/@aws-cdk/aws-ecr-assets/-/aws-ecr-assets-1.91.0.tgz",
      "integrity": "sha512-9xYS229WuNDGxzJWX3I7uY+9HvkCvcoNbHXIBvwLND2xKXK8O0mOeIuQyAdJilHZYpQYhw6tLCHCei0aBFBR3g==",
      "bundleDependencies": [
        "minimatch"
      ],
      "dependencies": {
        "@aws-cdk/assets": "1.91.0",
        "@aws-cdk/aws-ecr": "1.91.0",
        "@aws-cdk/aws-iam": "1.91.0",
        "@aws-cdk/aws-s3": "1.91.0",
        "@aws-cdk/core": "1.91.0",
        "@aws-cdk/cx-api": "1.91.0",
        "constructs": "^3.2.0",
        "minimatch": "^3.0.4"
      },
      "engines": {
        "node": ">= 10.13.0 <13 || >=13.7.0"
      },
      "peerDependencies": {
        "@aws-cdk/assets": "1.91.0",
        "@aws-cdk/aws-ecr": "1.91.0",
        "@aws-cdk/aws-iam": "1.91.0",
        "@aws-cdk/aws-s3": "1.91.0",
        "@aws-cdk/core": "1.91.0",
        "@aws-cdk/cx-api": "1.91.0",
        "constructs": "^3.2.0"
      }
    },
    "node_modules/@aws-cdk/aws-ecr-assets/node_modules/balanced-match": {
      "version": "1.0.0",
      "inBundle": true,
      "license": "MIT"
    },
    "node_modules/@aws-cdk/aws-ecr-assets/node_modules/brace-expansion": {
      "version": "1.1.11",
      "inBundle": true,
      "license": "MIT",
      "dependencies": {
        "balanced-match": "^1.0.0",
        "concat-map": "0.0.1"
      }
    },
    "node_modules/@aws-cdk/aws-ecr-assets/node_modules/concat-map": {
      "version": "0.0.1",
      "inBundle": true,
      "license": "MIT"
    },
    "node_modules/@aws-cdk/aws-ecr-assets/node_modules/minimatch": {
      "version": "3.0.4",
      "inBundle": true,
      "license": "ISC",
      "dependencies": {
        "brace-expansion": "^1.1.7"
      },
      "engines": {
        "node": "*"
      }
    },
    "node_modules/@aws-cdk/aws-efs": {
      "version": "1.91.0",
      "resolved": "https://registry.npmjs.org/@aws-cdk/aws-efs/-/aws-efs-1.91.0.tgz",
      "integrity": "sha512-p/iWucxM1YjbKY29ecQvg4CFKJCNSi+ujvXAf8SmJPCplM1LKlC7Sbb2xSmTsZlPcGEu1HpY31FvpPHtZgxRng==",
      "dependencies": {
        "@aws-cdk/aws-ec2": "1.91.0",
        "@aws-cdk/aws-kms": "1.91.0",
        "@aws-cdk/cloud-assembly-schema": "1.91.0",
        "@aws-cdk/core": "1.91.0",
        "@aws-cdk/cx-api": "1.91.0",
        "constructs": "^3.2.0"
      },
      "engines": {
        "node": ">= 10.13.0 <13 || >=13.7.0"
      },
      "peerDependencies": {
        "@aws-cdk/aws-ec2": "1.91.0",
        "@aws-cdk/aws-kms": "1.91.0",
        "@aws-cdk/cloud-assembly-schema": "1.91.0",
        "@aws-cdk/core": "1.91.0",
        "@aws-cdk/cx-api": "1.91.0",
        "constructs": "^3.2.0"
      }
    },
    "node_modules/@aws-cdk/aws-events": {
      "version": "1.91.0",
      "resolved": "https://registry.npmjs.org/@aws-cdk/aws-events/-/aws-events-1.91.0.tgz",
      "integrity": "sha512-t8LSGahCTPgIBUKk1N0Bx35Xvc0nhSHxchtckjXgEBYun6w+85YA5eU9/gTZrpOqTwXt2CbZBDrbem86zsnj8g==",
      "dependencies": {
        "@aws-cdk/aws-iam": "1.91.0",
        "@aws-cdk/core": "1.91.0",
        "constructs": "^3.2.0"
      },
      "engines": {
        "node": ">= 10.13.0 <13 || >=13.7.0"
      },
      "peerDependencies": {
        "@aws-cdk/aws-iam": "1.91.0",
        "@aws-cdk/core": "1.91.0",
        "constructs": "^3.2.0"
      }
    },
    "node_modules/@aws-cdk/aws-iam": {
      "version": "1.91.0",
      "resolved": "https://registry.npmjs.org/@aws-cdk/aws-iam/-/aws-iam-1.91.0.tgz",
      "integrity": "sha512-5+poD3JCrBEsE6n1jLLnE81Yp4Qs7aY+TKo+CaHfaaiBozyTZA+yavEvuYQ3QiIJmswRziWMxZ/24uGUcPHH4A==",
      "dependencies": {
        "@aws-cdk/core": "1.91.0",
        "@aws-cdk/region-info": "1.91.0",
        "constructs": "^3.2.0"
      },
      "engines": {
        "node": ">= 10.13.0 <13 || >=13.7.0"
      },
      "peerDependencies": {
        "@aws-cdk/core": "1.91.0",
        "@aws-cdk/region-info": "1.91.0",
        "constructs": "^3.2.0"
      }
    },
    "node_modules/@aws-cdk/aws-kms": {
      "version": "1.91.0",
      "resolved": "https://registry.npmjs.org/@aws-cdk/aws-kms/-/aws-kms-1.91.0.tgz",
      "integrity": "sha512-JkblXVovy7ds7c6dmFEY3Fx2583RIrrPWdG6XyQ3N5SJ3Dgyb0bpwKCBom/YasDKB9QH0g3wZSELC/Ne2lTapQ==",
      "dependencies": {
        "@aws-cdk/aws-iam": "1.91.0",
        "@aws-cdk/core": "1.91.0",
        "@aws-cdk/cx-api": "1.91.0",
        "constructs": "^3.2.0"
      },
      "engines": {
        "node": ">= 10.13.0 <13 || >=13.7.0"
      },
      "peerDependencies": {
        "@aws-cdk/aws-iam": "1.91.0",
        "@aws-cdk/core": "1.91.0",
        "@aws-cdk/cx-api": "1.91.0",
        "constructs": "^3.2.0"
      }
    },
    "node_modules/@aws-cdk/aws-lambda": {
      "version": "1.91.0",
      "resolved": "https://registry.npmjs.org/@aws-cdk/aws-lambda/-/aws-lambda-1.91.0.tgz",
      "integrity": "sha512-8wcrpdKi1XR7LmP3I5zfOSoKDa8eSV+zfugJATXGoawrhfLgMff28j/wuphqjbGZzmHGNyCWaCfQmusy9voZsw==",
      "dependencies": {
        "@aws-cdk/aws-applicationautoscaling": "1.91.0",
        "@aws-cdk/aws-cloudwatch": "1.91.0",
        "@aws-cdk/aws-codeguruprofiler": "1.91.0",
        "@aws-cdk/aws-ec2": "1.91.0",
        "@aws-cdk/aws-ecr": "1.91.0",
        "@aws-cdk/aws-ecr-assets": "1.91.0",
        "@aws-cdk/aws-efs": "1.91.0",
        "@aws-cdk/aws-events": "1.91.0",
        "@aws-cdk/aws-iam": "1.91.0",
        "@aws-cdk/aws-kms": "1.91.0",
        "@aws-cdk/aws-logs": "1.91.0",
        "@aws-cdk/aws-s3": "1.91.0",
        "@aws-cdk/aws-s3-assets": "1.91.0",
        "@aws-cdk/aws-sqs": "1.91.0",
        "@aws-cdk/core": "1.91.0",
        "@aws-cdk/cx-api": "1.91.0",
        "constructs": "^3.2.0"
      },
      "engines": {
        "node": ">= 10.13.0 <13 || >=13.7.0"
      },
      "peerDependencies": {
        "@aws-cdk/aws-applicationautoscaling": "1.91.0",
        "@aws-cdk/aws-cloudwatch": "1.91.0",
        "@aws-cdk/aws-codeguruprofiler": "1.91.0",
        "@aws-cdk/aws-ec2": "1.91.0",
        "@aws-cdk/aws-ecr": "1.91.0",
        "@aws-cdk/aws-ecr-assets": "1.91.0",
        "@aws-cdk/aws-efs": "1.91.0",
        "@aws-cdk/aws-events": "1.91.0",
        "@aws-cdk/aws-iam": "1.91.0",
        "@aws-cdk/aws-kms": "1.91.0",
        "@aws-cdk/aws-logs": "1.91.0",
        "@aws-cdk/aws-s3": "1.91.0",
        "@aws-cdk/aws-s3-assets": "1.91.0",
        "@aws-cdk/aws-sqs": "1.91.0",
        "@aws-cdk/core": "1.91.0",
        "@aws-cdk/cx-api": "1.91.0",
        "constructs": "^3.2.0"
      }
    },
    "node_modules/@aws-cdk/aws-logs": {
      "version": "1.91.0",
      "resolved": "https://registry.npmjs.org/@aws-cdk/aws-logs/-/aws-logs-1.91.0.tgz",
      "integrity": "sha512-D293Lb5E3VF03OKT123S+TNi5UFaj08ivsfRcFhbcAiMnNOoHJEClhU2dFiq/6nTYMfoSxvsqyvHBQrY3lUzNw==",
      "dependencies": {
        "@aws-cdk/aws-cloudwatch": "1.91.0",
        "@aws-cdk/aws-iam": "1.91.0",
        "@aws-cdk/aws-kms": "1.91.0",
        "@aws-cdk/aws-s3-assets": "1.91.0",
        "@aws-cdk/core": "1.91.0",
        "constructs": "^3.2.0"
      },
      "engines": {
        "node": ">= 10.13.0 <13 || >=13.7.0"
      },
      "peerDependencies": {
        "@aws-cdk/aws-cloudwatch": "1.91.0",
        "@aws-cdk/aws-iam": "1.91.0",
        "@aws-cdk/aws-kms": "1.91.0",
        "@aws-cdk/aws-s3-assets": "1.91.0",
        "@aws-cdk/core": "1.91.0",
        "constructs": "^3.2.0"
      }
    },
    "node_modules/@aws-cdk/aws-s3": {
      "version": "1.91.0",
      "resolved": "https://registry.npmjs.org/@aws-cdk/aws-s3/-/aws-s3-1.91.0.tgz",
      "integrity": "sha512-P2871i/1ofyrU7+Scicv4lQs4kXGnuft6eFUJJJesFvE6Nr/Oy3KRSnqWm0ju0TM+IlgYUMQJApR/pAxNiTHxQ==",
      "dependencies": {
        "@aws-cdk/aws-events": "1.91.0",
        "@aws-cdk/aws-iam": "1.91.0",
        "@aws-cdk/aws-kms": "1.91.0",
        "@aws-cdk/core": "1.91.0",
        "@aws-cdk/cx-api": "1.91.0",
        "constructs": "^3.2.0"
      },
      "engines": {
        "node": ">= 10.13.0 <13 || >=13.7.0"
      },
      "peerDependencies": {
        "@aws-cdk/aws-events": "1.91.0",
        "@aws-cdk/aws-iam": "1.91.0",
        "@aws-cdk/aws-kms": "1.91.0",
        "@aws-cdk/core": "1.91.0",
        "@aws-cdk/cx-api": "1.91.0",
        "constructs": "^3.2.0"
      }
    },
    "node_modules/@aws-cdk/aws-s3-assets": {
      "version": "1.91.0",
      "resolved": "https://registry.npmjs.org/@aws-cdk/aws-s3-assets/-/aws-s3-assets-1.91.0.tgz",
      "integrity": "sha512-nRePKMnc8Sg+Z2owjKIeswZmdjm+9jfYUlUFgBjF20YqV9xDFb6E8ckFtagbNcehgrmOqc6xxWnyBtZR1Mehww==",
      "dependencies": {
        "@aws-cdk/assets": "1.91.0",
        "@aws-cdk/aws-iam": "1.91.0",
        "@aws-cdk/aws-kms": "1.91.0",
        "@aws-cdk/aws-s3": "1.91.0",
        "@aws-cdk/core": "1.91.0",
        "@aws-cdk/cx-api": "1.91.0",
        "constructs": "^3.2.0"
      },
      "engines": {
        "node": ">= 10.13.0 <13 || >=13.7.0"
      },
      "peerDependencies": {
        "@aws-cdk/assets": "1.91.0",
        "@aws-cdk/aws-iam": "1.91.0",
        "@aws-cdk/aws-kms": "1.91.0",
        "@aws-cdk/aws-s3": "1.91.0",
        "@aws-cdk/core": "1.91.0",
        "@aws-cdk/cx-api": "1.91.0",
        "constructs": "^3.2.0"
      }
    },
    "node_modules/@aws-cdk/aws-sns": {
      "version": "1.91.0",
      "resolved": "https://registry.npmjs.org/@aws-cdk/aws-sns/-/aws-sns-1.91.0.tgz",
      "integrity": "sha512-QZn2+IJ2w/sppz7D4Mn4Uy9+vppRYdSQgPXzLhZ/+3J8tSO7ZNbgmmu2Ks0Ww06kCq6KxUIvTxyWR+EhxNWTBg==",
      "dependencies": {
        "@aws-cdk/aws-cloudwatch": "1.91.0",
        "@aws-cdk/aws-events": "1.91.0",
        "@aws-cdk/aws-iam": "1.91.0",
        "@aws-cdk/aws-kms": "1.91.0",
        "@aws-cdk/aws-sqs": "1.91.0",
        "@aws-cdk/core": "1.91.0",
        "constructs": "^3.2.0"
      },
      "engines": {
        "node": ">= 10.13.0 <13 || >=13.7.0"
      },
      "peerDependencies": {
        "@aws-cdk/aws-cloudwatch": "1.91.0",
        "@aws-cdk/aws-events": "1.91.0",
        "@aws-cdk/aws-iam": "1.91.0",
        "@aws-cdk/aws-kms": "1.91.0",
        "@aws-cdk/aws-sqs": "1.91.0",
        "@aws-cdk/core": "1.91.0",
        "constructs": "^3.2.0"
      }
    },
    "node_modules/@aws-cdk/aws-sqs": {
      "version": "1.91.0",
      "resolved": "https://registry.npmjs.org/@aws-cdk/aws-sqs/-/aws-sqs-1.91.0.tgz",
      "integrity": "sha512-sqchVrCncD+rFR9CZnHWIhzSmEqLo/jiwghLK4bKOZyzcFCLqNoSyNUubCcPS8OBjlW+BMx5cr3CQN8T3LRslw==",
      "dependencies": {
        "@aws-cdk/aws-cloudwatch": "1.91.0",
        "@aws-cdk/aws-iam": "1.91.0",
        "@aws-cdk/aws-kms": "1.91.0",
        "@aws-cdk/core": "1.91.0",
        "constructs": "^3.2.0"
      },
      "engines": {
        "node": ">= 10.13.0 <13 || >=13.7.0"
      },
      "peerDependencies": {
        "@aws-cdk/aws-cloudwatch": "1.91.0",
        "@aws-cdk/aws-iam": "1.91.0",
        "@aws-cdk/aws-kms": "1.91.0",
        "@aws-cdk/core": "1.91.0",
        "constructs": "^3.2.0"
      }
    },
    "node_modules/@aws-cdk/aws-ssm": {
      "version": "1.91.0",
      "resolved": "https://registry.npmjs.org/@aws-cdk/aws-ssm/-/aws-ssm-1.91.0.tgz",
      "integrity": "sha512-iMbJ1bboYJMYC5XQjE1wP75ZNajVYLQ49rKIcJs0G7gChigacM2l8a6gQgA1KmtzHtuP+/pD8UmM8IjpAJTaMw==",
      "dependencies": {
        "@aws-cdk/aws-iam": "1.91.0",
        "@aws-cdk/aws-kms": "1.91.0",
        "@aws-cdk/cloud-assembly-schema": "1.91.0",
        "@aws-cdk/core": "1.91.0",
        "constructs": "^3.2.0"
      },
      "engines": {
        "node": ">= 10.13.0 <13 || >=13.7.0"
      },
      "peerDependencies": {
        "@aws-cdk/aws-iam": "1.91.0",
        "@aws-cdk/aws-kms": "1.91.0",
        "@aws-cdk/cloud-assembly-schema": "1.91.0",
        "@aws-cdk/core": "1.91.0",
        "constructs": "^3.2.0"
      }
    },
    "node_modules/@aws-cdk/cloud-assembly-schema": {
      "version": "1.91.0",
      "resolved": "https://registry.npmjs.org/@aws-cdk/cloud-assembly-schema/-/cloud-assembly-schema-1.91.0.tgz",
      "integrity": "sha512-gauXsfersDNDHdszDIbSkM2UG/xZmfLqurzw5aqYWFPmPML5a8Izx5hhjwnTKBO5+gQeQxiv9Zc4q5vBI1ScLQ==",
      "bundleDependencies": [
        "jsonschema",
        "semver"
      ],
      "dependencies": {
        "jsonschema": "^1.4.0",
        "semver": "^7.3.4"
      },
      "engines": {
        "node": ">= 10.13.0 <13 || >=13.7.0"
      }
    },
    "node_modules/@aws-cdk/cloud-assembly-schema/node_modules/jsonschema": {
      "version": "1.4.0",
      "inBundle": true,
      "license": "MIT",
      "engines": {
        "node": "*"
      }
    },
    "node_modules/@aws-cdk/cloud-assembly-schema/node_modules/lru-cache": {
      "version": "6.0.0",
      "inBundle": true,
      "license": "ISC",
      "dependencies": {
        "yallist": "^4.0.0"
      },
      "engines": {
        "node": ">=10"
      }
    },
    "node_modules/@aws-cdk/cloud-assembly-schema/node_modules/semver": {
      "version": "7.3.4",
      "inBundle": true,
      "license": "ISC",
      "dependencies": {
        "lru-cache": "^6.0.0"
      },
      "bin": {
        "semver": "bin/semver.js"
      },
      "engines": {
        "node": ">=10"
      }
    },
    "node_modules/@aws-cdk/cloud-assembly-schema/node_modules/yallist": {
      "version": "4.0.0",
      "inBundle": true,
      "license": "ISC"
    },
    "node_modules/@aws-cdk/core": {
      "version": "1.91.0",
      "resolved": "https://registry.npmjs.org/@aws-cdk/core/-/core-1.91.0.tgz",
      "integrity": "sha512-fdHsIgpKcWpWpYpmeDTldRcc2IKbjf4J9433kYxBZ/x4cSck8Wl0yP96XU5rHihQio+u51J1d9QIKyoRHZADVA==",
      "bundleDependencies": [
        "fs-extra",
        "minimatch",
        "@balena/dockerignore",
        "ignore"
      ],
      "dependencies": {
        "@aws-cdk/cloud-assembly-schema": "1.91.0",
        "@aws-cdk/cx-api": "1.91.0",
        "@aws-cdk/region-info": "1.91.0",
        "@balena/dockerignore": "^1.0.2",
        "constructs": "^3.2.0",
        "fs-extra": "^9.1.0",
        "ignore": "^5.1.8",
        "minimatch": "^3.0.4"
      },
      "engines": {
        "node": ">= 10.13.0 <13 || >=13.7.0"
      },
      "peerDependencies": {
        "@aws-cdk/cloud-assembly-schema": "1.91.0",
        "@aws-cdk/cx-api": "1.91.0",
        "@aws-cdk/region-info": "1.91.0",
        "constructs": "^3.2.0"
      }
    },
    "node_modules/@aws-cdk/core/node_modules/@balena/dockerignore": {
      "version": "1.0.2",
      "inBundle": true,
      "license": "Apache-2.0"
    },
    "node_modules/@aws-cdk/core/node_modules/at-least-node": {
      "version": "1.0.0",
      "inBundle": true,
      "license": "ISC",
      "engines": {
        "node": ">= 4.0.0"
      }
    },
    "node_modules/@aws-cdk/core/node_modules/balanced-match": {
      "version": "1.0.0",
      "inBundle": true,
      "license": "MIT"
    },
    "node_modules/@aws-cdk/core/node_modules/brace-expansion": {
      "version": "1.1.11",
      "inBundle": true,
      "license": "MIT",
      "dependencies": {
        "balanced-match": "^1.0.0",
        "concat-map": "0.0.1"
      }
    },
    "node_modules/@aws-cdk/core/node_modules/concat-map": {
      "version": "0.0.1",
      "inBundle": true,
      "license": "MIT"
    },
    "node_modules/@aws-cdk/core/node_modules/fs-extra": {
      "version": "9.1.0",
      "inBundle": true,
      "license": "MIT",
      "dependencies": {
        "at-least-node": "^1.0.0",
        "graceful-fs": "^4.2.0",
        "jsonfile": "^6.0.1",
        "universalify": "^2.0.0"
      },
      "engines": {
        "node": ">=10"
      }
    },
    "node_modules/@aws-cdk/core/node_modules/graceful-fs": {
      "version": "4.2.6",
      "inBundle": true,
      "license": "ISC"
    },
    "node_modules/@aws-cdk/core/node_modules/ignore": {
      "version": "5.1.8",
      "inBundle": true,
      "license": "MIT",
      "engines": {
        "node": ">= 4"
      }
    },
    "node_modules/@aws-cdk/core/node_modules/jsonfile": {
      "version": "6.1.0",
      "inBundle": true,
      "license": "MIT",
      "dependencies": {
        "graceful-fs": "^4.1.6",
        "universalify": "^2.0.0"
      },
      "optionalDependencies": {
        "graceful-fs": "^4.1.6"
      }
    },
    "node_modules/@aws-cdk/core/node_modules/minimatch": {
      "version": "3.0.4",
      "inBundle": true,
      "license": "ISC",
      "dependencies": {
        "brace-expansion": "^1.1.7"
      },
      "engines": {
        "node": "*"
      }
    },
    "node_modules/@aws-cdk/core/node_modules/universalify": {
      "version": "2.0.0",
      "inBundle": true,
      "license": "MIT",
      "engines": {
        "node": ">= 10.0.0"
      }
    },
    "node_modules/@aws-cdk/custom-resources": {
      "version": "1.91.0",
      "resolved": "https://registry.npmjs.org/@aws-cdk/custom-resources/-/custom-resources-1.91.0.tgz",
      "integrity": "sha512-Jcnx5zDaJJq8uOpVZ4U63bEIKMW9P6Lf2Spaif6b2Sw1WpE3jCJNu7mjGI+jZMwBQ6s+Q7d8GgO65gnuFM3TLQ==",
      "dependencies": {
        "@aws-cdk/aws-cloudformation": "1.91.0",
        "@aws-cdk/aws-ec2": "1.91.0",
        "@aws-cdk/aws-iam": "1.91.0",
        "@aws-cdk/aws-lambda": "1.91.0",
        "@aws-cdk/aws-logs": "1.91.0",
        "@aws-cdk/aws-sns": "1.91.0",
        "@aws-cdk/core": "1.91.0",
        "constructs": "^3.2.0"
      },
      "engines": {
        "node": ">= 10.13.0 <13 || >=13.7.0"
      },
      "peerDependencies": {
        "@aws-cdk/aws-cloudformation": "1.91.0",
        "@aws-cdk/aws-ec2": "1.91.0",
        "@aws-cdk/aws-iam": "1.91.0",
        "@aws-cdk/aws-lambda": "1.91.0",
        "@aws-cdk/aws-logs": "1.91.0",
        "@aws-cdk/aws-sns": "1.91.0",
        "@aws-cdk/core": "1.91.0",
        "constructs": "^3.2.0"
      }
    },
    "node_modules/@aws-cdk/cx-api": {
      "version": "1.91.0",
      "resolved": "https://registry.npmjs.org/@aws-cdk/cx-api/-/cx-api-1.91.0.tgz",
      "integrity": "sha512-5IDKq+R8BANrq2SCRLF6FJLZUNCDW8WWhs8hrCNZ8tOGlmxu1+whffTwVDj7Mb+aLb5+KlhavAhUYRaS2Ex7cA==",
      "bundleDependencies": [
        "semver"
      ],
      "dependencies": {
        "@aws-cdk/cloud-assembly-schema": "1.91.0",
        "semver": "^7.3.4"
      },
      "engines": {
        "node": ">= 10.13.0 <13 || >=13.7.0"
      },
      "peerDependencies": {
        "@aws-cdk/cloud-assembly-schema": "1.91.0"
      }
    },
    "node_modules/@aws-cdk/cx-api/node_modules/lru-cache": {
      "version": "6.0.0",
      "inBundle": true,
      "license": "ISC",
      "dependencies": {
        "yallist": "^4.0.0"
      },
      "engines": {
        "node": ">=10"
      }
    },
    "node_modules/@aws-cdk/cx-api/node_modules/semver": {
      "version": "7.3.4",
      "inBundle": true,
      "license": "ISC",
      "dependencies": {
        "lru-cache": "^6.0.0"
      },
      "bin": {
        "semver": "bin/semver.js"
      },
      "engines": {
        "node": ">=10"
      }
    },
    "node_modules/@aws-cdk/cx-api/node_modules/yallist": {
      "version": "4.0.0",
      "inBundle": true,
      "license": "ISC"
    },
    "node_modules/@aws-cdk/region-info": {
      "version": "1.91.0",
      "resolved": "https://registry.npmjs.org/@aws-cdk/region-info/-/region-info-1.91.0.tgz",
      "integrity": "sha512-/iYYx5BDHfOeKO6yOW2+oNOZ9Cd3K8kmPJsX6b7WgOt69w6hK4GrnaV5c4a/nQ5N5AMwwDNTnRhlvm94nH9gLA==",
      "engines": {
        "node": ">= 10.13.0 <13 || >=13.7.0"
      }
    },
    "node_modules/constructs": {
      "version": "3.3.55",
      "resolved": "https://registry.npmjs.org/constructs/-/constructs-3.3.55.tgz",
      "integrity": "sha512-PKlPeHnIN7EAdanoVpwUnj6Zb5Zhgb6lCQ1YTES52puksbw34TG7oqO2kzmTVTK3MVDMUdhCDKyroaVmNOtiiw==",
      "engines": {
        "node": ">= 10.17.0"
      }
    }
  },
  "dependencies": {
    "@aws-cdk/assets": {
      "version": "1.91.0",
      "resolved": "https://registry.npmjs.org/@aws-cdk/assets/-/assets-1.91.0.tgz",
      "integrity": "sha512-EOveDypWuy5pyeW5fS8W0+pvWEt1IrpjF8VBB0mZ1Y4LncidOf2sHC7FPUVjK0+Xa2kgXHhO/BJ57UURPk79NA==",
      "requires": {
        "@aws-cdk/core": "1.91.0",
        "@aws-cdk/cx-api": "1.91.0",
        "constructs": "^3.2.0"
      }
    },
    "@aws-cdk/aws-applicationautoscaling": {
      "version": "1.91.0",
      "resolved": "https://registry.npmjs.org/@aws-cdk/aws-applicationautoscaling/-/aws-applicationautoscaling-1.91.0.tgz",
      "integrity": "sha512-kbrSeMy7QGYY+LfzZEBVSylogRrWZKDmQgze7///fSiX9jWk8aMo82+svunBElJvH8GzuODZ5cjDwYFHbu0u6A==",
      "requires": {
        "@aws-cdk/aws-autoscaling-common": "1.91.0",
        "@aws-cdk/aws-cloudwatch": "1.91.0",
        "@aws-cdk/aws-iam": "1.91.0",
        "@aws-cdk/core": "1.91.0",
        "constructs": "^3.2.0"
      }
    },
    "@aws-cdk/aws-autoscaling-common": {
      "version": "1.91.0",
      "resolved": "https://registry.npmjs.org/@aws-cdk/aws-autoscaling-common/-/aws-autoscaling-common-1.91.0.tgz",
      "integrity": "sha512-VJojgKstJvl559dRr4Twt3F7+puY6omJA7dLss9wcOA8QEWK1msVXtc7RzIpFnfG6pJKnAP1xfRyuvXerxdp1Q==",
      "requires": {
        "@aws-cdk/aws-iam": "1.91.0",
        "@aws-cdk/core": "1.91.0",
        "constructs": "^3.2.0"
      }
    },
    "@aws-cdk/aws-cloudformation": {
      "version": "1.91.0",
      "resolved": "https://registry.npmjs.org/@aws-cdk/aws-cloudformation/-/aws-cloudformation-1.91.0.tgz",
      "integrity": "sha512-achmiaUR9/hbO5sJBjtGRwI78CZ+L7gK9yvmeUVpI9+7cUqHS8/MXA6RbJ5vbPuFt3yQW0rbbhtI8oba8S06JA==",
      "requires": {
        "@aws-cdk/aws-iam": "1.91.0",
        "@aws-cdk/aws-lambda": "1.91.0",
        "@aws-cdk/aws-s3": "1.91.0",
        "@aws-cdk/aws-sns": "1.91.0",
        "@aws-cdk/core": "1.91.0",
        "@aws-cdk/cx-api": "1.91.0",
        "constructs": "^3.2.0"
      }
    },
    "@aws-cdk/aws-cloudwatch": {
      "version": "1.91.0",
      "resolved": "https://registry.npmjs.org/@aws-cdk/aws-cloudwatch/-/aws-cloudwatch-1.91.0.tgz",
      "integrity": "sha512-x78C9dUCqLQqKMu/alCdxPYin6kbp7wC6GiBHLg3g9adINOVX9rueYhqepSG72P5RJmOxYzI9QpZY40LjA4yHA==",
      "requires": {
        "@aws-cdk/aws-iam": "1.91.0",
        "@aws-cdk/core": "1.91.0",
        "constructs": "^3.2.0"
      }
    },
    "@aws-cdk/aws-codeguruprofiler": {
      "version": "1.91.0",
      "resolved": "https://registry.npmjs.org/@aws-cdk/aws-codeguruprofiler/-/aws-codeguruprofiler-1.91.0.tgz",
      "integrity": "sha512-OEixTxX18q0JX4jVZLTn8zrjBJUbwBZ7hHUu+8oozEJ0pP6EKy4axc3igp942FfAJj4/XWaTd4zakgMv7BXkBQ==",
      "requires": {
        "@aws-cdk/aws-iam": "1.91.0",
        "@aws-cdk/core": "1.91.0",
        "constructs": "^3.2.0"
      }
    },
    "@aws-cdk/aws-ec2": {
      "version": "1.91.0",
      "resolved": "https://registry.npmjs.org/@aws-cdk/aws-ec2/-/aws-ec2-1.91.0.tgz",
      "integrity": "sha512-Kd+q3sP5rNhUcShXiboy2vPQGWRrS2lGyig5JZDdVix+OB9eyL2L5NgAzElTlUXp7GA7GebewA3Ir7QPBSjZsA==",
      "requires": {
        "@aws-cdk/aws-cloudwatch": "1.91.0",
        "@aws-cdk/aws-iam": "1.91.0",
        "@aws-cdk/aws-kms": "1.91.0",
        "@aws-cdk/aws-logs": "1.91.0",
        "@aws-cdk/aws-s3": "1.91.0",
        "@aws-cdk/aws-s3-assets": "1.91.0",
        "@aws-cdk/aws-ssm": "1.91.0",
        "@aws-cdk/cloud-assembly-schema": "1.91.0",
        "@aws-cdk/core": "1.91.0",
        "@aws-cdk/cx-api": "1.91.0",
        "@aws-cdk/region-info": "1.91.0",
        "constructs": "^3.2.0"
      }
    },
    "@aws-cdk/aws-ecr": {
      "version": "1.91.0",
      "resolved": "https://registry.npmjs.org/@aws-cdk/aws-ecr/-/aws-ecr-1.91.0.tgz",
      "integrity": "sha512-quDShMk48pH6sH0z95+h/Velw7k1T6Ir3bxCV4ACgLGxqN882/e3o164VrL+eFvZMlR8uLYEnpZseK8APTvAYg==",
      "requires": {
        "@aws-cdk/aws-events": "1.91.0",
        "@aws-cdk/aws-iam": "1.91.0",
        "@aws-cdk/core": "1.91.0",
        "constructs": "^3.2.0"
      }
    },
    "@aws-cdk/aws-ecr-assets": {
      "version": "1.91.0",
      "resolved": "https://registry.npmjs.org/@aws-cdk/aws-ecr-assets/-/aws-ecr-assets-1.91.0.tgz",
      "integrity": "sha512-9xYS229WuNDGxzJWX3I7uY+9HvkCvcoNbHXIBvwLND2xKXK8O0mOeIuQyAdJilHZYpQYhw6tLCHCei0aBFBR3g==",
      "requires": {
        "@aws-cdk/assets": "1.91.0",
        "@aws-cdk/aws-ecr": "1.91.0",
        "@aws-cdk/aws-iam": "1.91.0",
        "@aws-cdk/aws-s3": "1.91.0",
        "@aws-cdk/core": "1.91.0",
        "@aws-cdk/cx-api": "1.91.0",
        "constructs": "^3.2.0",
        "minimatch": "^3.0.4"
      },
      "dependencies": {
        "balanced-match": {
          "version": "1.0.0",
          "bundled": true
        },
        "brace-expansion": {
          "version": "1.1.11",
          "bundled": true,
          "requires": {
            "balanced-match": "^1.0.0",
            "concat-map": "0.0.1"
          }
        },
        "concat-map": {
          "version": "0.0.1",
          "bundled": true
        },
        "minimatch": {
          "version": "3.0.4",
          "bundled": true,
          "requires": {
            "brace-expansion": "^1.1.7"
          }
        }
      }
    },
    "@aws-cdk/aws-efs": {
      "version": "1.91.0",
      "resolved": "https://registry.npmjs.org/@aws-cdk/aws-efs/-/aws-efs-1.91.0.tgz",
      "integrity": "sha512-p/iWucxM1YjbKY29ecQvg4CFKJCNSi+ujvXAf8SmJPCplM1LKlC7Sbb2xSmTsZlPcGEu1HpY31FvpPHtZgxRng==",
      "requires": {
        "@aws-cdk/aws-ec2": "1.91.0",
        "@aws-cdk/aws-kms": "1.91.0",
        "@aws-cdk/cloud-assembly-schema": "1.91.0",
        "@aws-cdk/core": "1.91.0",
        "@aws-cdk/cx-api": "1.91.0",
        "constructs": "^3.2.0"
      }
    },
    "@aws-cdk/aws-events": {
      "version": "1.91.0",
      "resolved": "https://registry.npmjs.org/@aws-cdk/aws-events/-/aws-events-1.91.0.tgz",
      "integrity": "sha512-t8LSGahCTPgIBUKk1N0Bx35Xvc0nhSHxchtckjXgEBYun6w+85YA5eU9/gTZrpOqTwXt2CbZBDrbem86zsnj8g==",
      "requires": {
        "@aws-cdk/aws-iam": "1.91.0",
        "@aws-cdk/core": "1.91.0",
        "constructs": "^3.2.0"
      }
    },
    "@aws-cdk/aws-iam": {
      "version": "1.91.0",
      "resolved": "https://registry.npmjs.org/@aws-cdk/aws-iam/-/aws-iam-1.91.0.tgz",
      "integrity": "sha512-5+poD3JCrBEsE6n1jLLnE81Yp4Qs7aY+TKo+CaHfaaiBozyTZA+yavEvuYQ3QiIJmswRziWMxZ/24uGUcPHH4A==",
      "requires": {
        "@aws-cdk/core": "1.91.0",
        "@aws-cdk/region-info": "1.91.0",
        "constructs": "^3.2.0"
      }
    },
    "@aws-cdk/aws-kms": {
      "version": "1.91.0",
      "resolved": "https://registry.npmjs.org/@aws-cdk/aws-kms/-/aws-kms-1.91.0.tgz",
      "integrity": "sha512-JkblXVovy7ds7c6dmFEY3Fx2583RIrrPWdG6XyQ3N5SJ3Dgyb0bpwKCBom/YasDKB9QH0g3wZSELC/Ne2lTapQ==",
      "requires": {
        "@aws-cdk/aws-iam": "1.91.0",
        "@aws-cdk/core": "1.91.0",
        "@aws-cdk/cx-api": "1.91.0",
        "constructs": "^3.2.0"
      }
    },
    "@aws-cdk/aws-lambda": {
      "version": "1.91.0",
      "resolved": "https://registry.npmjs.org/@aws-cdk/aws-lambda/-/aws-lambda-1.91.0.tgz",
      "integrity": "sha512-8wcrpdKi1XR7LmP3I5zfOSoKDa8eSV+zfugJATXGoawrhfLgMff28j/wuphqjbGZzmHGNyCWaCfQmusy9voZsw==",
      "requires": {
        "@aws-cdk/aws-applicationautoscaling": "1.91.0",
        "@aws-cdk/aws-cloudwatch": "1.91.0",
        "@aws-cdk/aws-codeguruprofiler": "1.91.0",
        "@aws-cdk/aws-ec2": "1.91.0",
        "@aws-cdk/aws-ecr": "1.91.0",
        "@aws-cdk/aws-ecr-assets": "1.91.0",
        "@aws-cdk/aws-efs": "1.91.0",
        "@aws-cdk/aws-events": "1.91.0",
        "@aws-cdk/aws-iam": "1.91.0",
        "@aws-cdk/aws-kms": "1.91.0",
        "@aws-cdk/aws-logs": "1.91.0",
        "@aws-cdk/aws-s3": "1.91.0",
        "@aws-cdk/aws-s3-assets": "1.91.0",
        "@aws-cdk/aws-sqs": "1.91.0",
        "@aws-cdk/core": "1.91.0",
        "@aws-cdk/cx-api": "1.91.0",
        "constructs": "^3.2.0"
      }
    },
    "@aws-cdk/aws-logs": {
      "version": "1.91.0",
      "resolved": "https://registry.npmjs.org/@aws-cdk/aws-logs/-/aws-logs-1.91.0.tgz",
      "integrity": "sha512-D293Lb5E3VF03OKT123S+TNi5UFaj08ivsfRcFhbcAiMnNOoHJEClhU2dFiq/6nTYMfoSxvsqyvHBQrY3lUzNw==",
      "requires": {
        "@aws-cdk/aws-cloudwatch": "1.91.0",
        "@aws-cdk/aws-iam": "1.91.0",
        "@aws-cdk/aws-kms": "1.91.0",
        "@aws-cdk/aws-s3-assets": "1.91.0",
        "@aws-cdk/core": "1.91.0",
        "constructs": "^3.2.0"
      }
    },
    "@aws-cdk/aws-s3": {
      "version": "1.91.0",
      "resolved": "https://registry.npmjs.org/@aws-cdk/aws-s3/-/aws-s3-1.91.0.tgz",
      "integrity": "sha512-P2871i/1ofyrU7+Scicv4lQs4kXGnuft6eFUJJJesFvE6Nr/Oy3KRSnqWm0ju0TM+IlgYUMQJApR/pAxNiTHxQ==",
      "requires": {
        "@aws-cdk/aws-events": "1.91.0",
        "@aws-cdk/aws-iam": "1.91.0",
        "@aws-cdk/aws-kms": "1.91.0",
        "@aws-cdk/core": "1.91.0",
        "@aws-cdk/cx-api": "1.91.0",
        "constructs": "^3.2.0"
      }
    },
    "@aws-cdk/aws-s3-assets": {
      "version": "1.91.0",
      "resolved": "https://registry.npmjs.org/@aws-cdk/aws-s3-assets/-/aws-s3-assets-1.91.0.tgz",
      "integrity": "sha512-nRePKMnc8Sg+Z2owjKIeswZmdjm+9jfYUlUFgBjF20YqV9xDFb6E8ckFtagbNcehgrmOqc6xxWnyBtZR1Mehww==",
      "requires": {
        "@aws-cdk/assets": "1.91.0",
        "@aws-cdk/aws-iam": "1.91.0",
        "@aws-cdk/aws-kms": "1.91.0",
        "@aws-cdk/aws-s3": "1.91.0",
        "@aws-cdk/core": "1.91.0",
        "@aws-cdk/cx-api": "1.91.0",
        "constructs": "^3.2.0"
      }
    },
    "@aws-cdk/aws-sns": {
      "version": "1.91.0",
      "resolved": "https://registry.npmjs.org/@aws-cdk/aws-sns/-/aws-sns-1.91.0.tgz",
      "integrity": "sha512-QZn2+IJ2w/sppz7D4Mn4Uy9+vppRYdSQgPXzLhZ/+3J8tSO7ZNbgmmu2Ks0Ww06kCq6KxUIvTxyWR+EhxNWTBg==",
      "requires": {
        "@aws-cdk/aws-cloudwatch": "1.91.0",
        "@aws-cdk/aws-events": "1.91.0",
        "@aws-cdk/aws-iam": "1.91.0",
        "@aws-cdk/aws-kms": "1.91.0",
        "@aws-cdk/aws-sqs": "1.91.0",
        "@aws-cdk/core": "1.91.0",
        "constructs": "^3.2.0"
      }
    },
    "@aws-cdk/aws-sqs": {
      "version": "1.91.0",
      "resolved": "https://registry.npmjs.org/@aws-cdk/aws-sqs/-/aws-sqs-1.91.0.tgz",
      "integrity": "sha512-sqchVrCncD+rFR9CZnHWIhzSmEqLo/jiwghLK4bKOZyzcFCLqNoSyNUubCcPS8OBjlW+BMx5cr3CQN8T3LRslw==",
      "requires": {
        "@aws-cdk/aws-cloudwatch": "1.91.0",
        "@aws-cdk/aws-iam": "1.91.0",
        "@aws-cdk/aws-kms": "1.91.0",
        "@aws-cdk/core": "1.91.0",
        "constructs": "^3.2.0"
      }
    },
    "@aws-cdk/aws-ssm": {
      "version": "1.91.0",
      "resolved": "https://registry.npmjs.org/@aws-cdk/aws-ssm/-/aws-ssm-1.91.0.tgz",
      "integrity": "sha512-iMbJ1bboYJMYC5XQjE1wP75ZNajVYLQ49rKIcJs0G7gChigacM2l8a6gQgA1KmtzHtuP+/pD8UmM8IjpAJTaMw==",
      "requires": {
        "@aws-cdk/aws-iam": "1.91.0",
        "@aws-cdk/aws-kms": "1.91.0",
        "@aws-cdk/cloud-assembly-schema": "1.91.0",
        "@aws-cdk/core": "1.91.0",
        "constructs": "^3.2.0"
      }
    },
    "@aws-cdk/cloud-assembly-schema": {
      "version": "1.91.0",
      "resolved": "https://registry.npmjs.org/@aws-cdk/cloud-assembly-schema/-/cloud-assembly-schema-1.91.0.tgz",
      "integrity": "sha512-gauXsfersDNDHdszDIbSkM2UG/xZmfLqurzw5aqYWFPmPML5a8Izx5hhjwnTKBO5+gQeQxiv9Zc4q5vBI1ScLQ==",
      "requires": {
        "jsonschema": "^1.4.0",
        "semver": "^7.3.4"
      },
      "dependencies": {
        "jsonschema": {
          "version": "1.4.0",
          "bundled": true
        },
        "lru-cache": {
          "version": "6.0.0",
          "bundled": true,
          "requires": {
            "yallist": "^4.0.0"
          }
        },
        "semver": {
          "version": "7.3.4",
          "bundled": true,
          "requires": {
            "lru-cache": "^6.0.0"
          }
        },
        "yallist": {
          "version": "4.0.0",
          "bundled": true
        }
      }
    },
    "@aws-cdk/core": {
      "version": "1.91.0",
      "resolved": "https://registry.npmjs.org/@aws-cdk/core/-/core-1.91.0.tgz",
      "integrity": "sha512-fdHsIgpKcWpWpYpmeDTldRcc2IKbjf4J9433kYxBZ/x4cSck8Wl0yP96XU5rHihQio+u51J1d9QIKyoRHZADVA==",
      "requires": {
        "@aws-cdk/cloud-assembly-schema": "1.91.0",
        "@aws-cdk/cx-api": "1.91.0",
        "@aws-cdk/region-info": "1.91.0",
        "@balena/dockerignore": "^1.0.2",
        "constructs": "^3.2.0",
        "fs-extra": "^9.1.0",
        "ignore": "^5.1.8",
        "minimatch": "^3.0.4"
      },
      "dependencies": {
        "@balena/dockerignore": {
          "version": "1.0.2",
          "bundled": true
        },
        "at-least-node": {
          "version": "1.0.0",
          "bundled": true
        },
        "balanced-match": {
          "version": "1.0.0",
          "bundled": true
        },
        "brace-expansion": {
          "version": "1.1.11",
          "bundled": true,
          "requires": {
            "balanced-match": "^1.0.0",
            "concat-map": "0.0.1"
          }
        },
        "concat-map": {
          "version": "0.0.1",
          "bundled": true
        },
        "fs-extra": {
          "version": "9.1.0",
          "bundled": true,
          "requires": {
            "at-least-node": "^1.0.0",
            "graceful-fs": "^4.2.0",
            "jsonfile": "^6.0.1",
            "universalify": "^2.0.0"
          }
        },
        "graceful-fs": {
          "version": "4.2.6",
          "bundled": true
        },
        "ignore": {
          "version": "5.1.8",
          "bundled": true
        },
        "jsonfile": {
          "version": "6.1.0",
          "bundled": true,
          "requires": {
            "graceful-fs": "^4.1.6",
            "universalify": "^2.0.0"
          }
        },
        "minimatch": {
          "version": "3.0.4",
          "bundled": true,
          "requires": {
            "brace-expansion": "^1.1.7"
          }
        },
        "universalify": {
          "version": "2.0.0",
          "bundled": true
        }
      }
    },
    "@aws-cdk/custom-resources": {
      "version": "1.91.0",
      "resolved": "https://registry.npmjs.org/@aws-cdk/custom-resources/-/custom-resources-1.91.0.tgz",
      "integrity": "sha512-Jcnx5zDaJJq8uOpVZ4U63bEIKMW9P6Lf2Spaif6b2Sw1WpE3jCJNu7mjGI+jZMwBQ6s+Q7d8GgO65gnuFM3TLQ==",
      "requires": {
        "@aws-cdk/aws-cloudformation": "1.91.0",
        "@aws-cdk/aws-ec2": "1.91.0",
        "@aws-cdk/aws-iam": "1.91.0",
        "@aws-cdk/aws-lambda": "1.91.0",
        "@aws-cdk/aws-logs": "1.91.0",
        "@aws-cdk/aws-sns": "1.91.0",
        "@aws-cdk/core": "1.91.0",
        "constructs": "^3.2.0"
      }
    },
    "@aws-cdk/cx-api": {
      "version": "1.91.0",
      "resolved": "https://registry.npmjs.org/@aws-cdk/cx-api/-/cx-api-1.91.0.tgz",
      "integrity": "sha512-5IDKq+R8BANrq2SCRLF6FJLZUNCDW8WWhs8hrCNZ8tOGlmxu1+whffTwVDj7Mb+aLb5+KlhavAhUYRaS2Ex7cA==",
      "requires": {
        "@aws-cdk/cloud-assembly-schema": "1.91.0",
        "semver": "^7.3.4"
      },
      "dependencies": {
        "lru-cache": {
          "version": "6.0.0",
          "bundled": true,
          "requires": {
            "yallist": "^4.0.0"
          }
        },
        "semver": {
          "version": "7.3.4",
          "bundled": true,
          "requires": {
            "lru-cache": "^6.0.0"
          }
        },
        "yallist": {
          "version": "4.0.0",
          "bundled": true
        }
      }
    },
    "@aws-cdk/region-info": {
      "version": "1.91.0",
      "resolved": "https://registry.npmjs.org/@aws-cdk/region-info/-/region-info-1.91.0.tgz",
      "integrity": "sha512-/iYYx5BDHfOeKO6yOW2+oNOZ9Cd3K8kmPJsX6b7WgOt69w6hK4GrnaV5c4a/nQ5N5AMwwDNTnRhlvm94nH9gLA=="
    },
    "constructs": {
      "version": "3.3.55",
      "resolved": "https://registry.npmjs.org/constructs/-/constructs-3.3.55.tgz",
      "integrity": "sha512-PKlPeHnIN7EAdanoVpwUnj6Zb5Zhgb6lCQ1YTES52puksbw34TG7oqO2kzmTVTK3MVDMUdhCDKyroaVmNOtiiw=="
    }
  }
}
